// !$*UTF8*$!
{
	archiveVersion = 1;
	classes = {
	};
	objectVersion = 46;
	objects = {

/* Begin PBXBuildFile section */
		86514AA219823ADA00211EE9 /* AppDelegate.swift in Sources */ = {isa = PBXBuildFile; fileRef = 86514AA119823ADA00211EE9 /* AppDelegate.swift */; };
		86514AA419823ADA00211EE9 /* ViewController.swift in Sources */ = {isa = PBXBuildFile; fileRef = 86514AA319823ADA00211EE9 /* ViewController.swift */; };
		86514AA719823ADA00211EE9 /* Main.storyboard in Resources */ = {isa = PBXBuildFile; fileRef = 86514AA519823ADA00211EE9 /* Main.storyboard */; };
		86514AA919823ADA00211EE9 /* Images.xcassets in Resources */ = {isa = PBXBuildFile; fileRef = 86514AA819823ADA00211EE9 /* Images.xcassets */; };
		86514AB519823ADB00211EE9 /* ExampleTests.swift in Sources */ = {isa = PBXBuildFile; fileRef = 86514AB419823ADB00211EE9 /* ExampleTests.swift */; };
		86A7FDBF19823B7700BE2FF3 /* GCD.swift in Sources */ = {isa = PBXBuildFile; fileRef = 86A7FDBE19823B7700BE2FF3 /* GCD.swift */; };
/* End PBXBuildFile section */

/* Begin PBXContainerItemProxy section */
		86514AAF19823ADA00211EE9 /* PBXContainerItemProxy */ = {
			isa = PBXContainerItemProxy;
			containerPortal = 86514A9419823ADA00211EE9 /* Project object */;
			proxyType = 1;
			remoteGlobalIDString = 86514A9B19823ADA00211EE9;
			remoteInfo = Example;
		};
/* End PBXContainerItemProxy section */

/* Begin PBXFileReference section */
		86514A9C19823ADA00211EE9 /* Example.app */ = {isa = PBXFileReference; explicitFileType = wrapper.application; includeInIndex = 0; path = Example.app; sourceTree = BUILT_PRODUCTS_DIR; };
		86514AA019823ADA00211EE9 /* Info.plist */ = {isa = PBXFileReference; lastKnownFileType = text.plist.xml; path = Info.plist; sourceTree = "<group>"; };
		86514AA119823ADA00211EE9 /* AppDelegate.swift */ = {isa = PBXFileReference; lastKnownFileType = sourcecode.swift; path = AppDelegate.swift; sourceTree = "<group>"; };
		86514AA319823ADA00211EE9 /* ViewController.swift */ = {isa = PBXFileReference; lastKnownFileType = sourcecode.swift; path = ViewController.swift; sourceTree = "<group>"; };
		86514AA619823ADA00211EE9 /* Base */ = {isa = PBXFileReference; lastKnownFileType = file.storyboard; name = Base; path = Base.lproj/Main.storyboard; sourceTree = "<group>"; };
		86514AA819823ADA00211EE9 /* Images.xcassets */ = {isa = PBXFileReference; lastKnownFileType = folder.assetcatalog; path = Images.xcassets; sourceTree = "<group>"; };
		86514AAE19823ADA00211EE9 /* ExampleTests.xctest */ = {isa = PBXFileReference; explicitFileType = wrapper.cfbundle; includeInIndex = 0; path = ExampleTests.xctest; sourceTree = BUILT_PRODUCTS_DIR; };
		86514AB319823ADA00211EE9 /* Info.plist */ = {isa = PBXFileReference; lastKnownFileType = text.plist.xml; path = Info.plist; sourceTree = "<group>"; };
		86514AB419823ADB00211EE9 /* ExampleTests.swift */ = {isa = PBXFileReference; lastKnownFileType = sourcecode.swift; path = ExampleTests.swift; sourceTree = "<group>"; };
		86A7FDBE19823B7700BE2FF3 /* GCD.swift */ = {isa = PBXFileReference; fileEncoding = 4; lastKnownFileType = sourcecode.swift; name = GCD.swift; path = ../../GCD.swift; sourceTree = "<group>"; };
/* End PBXFileReference section */

/* Begin PBXFrameworksBuildPhase section */
		86514A9919823ADA00211EE9 /* Frameworks */ = {
			isa = PBXFrameworksBuildPhase;
			buildActionMask = 2147483647;
			files = (
			);
			runOnlyForDeploymentPostprocessing = 0;
		};
		86514AAB19823ADA00211EE9 /* Frameworks */ = {
			isa = PBXFrameworksBuildPhase;
			buildActionMask = 2147483647;
			files = (
			);
			runOnlyForDeploymentPostprocessing = 0;
		};
/* End PBXFrameworksBuildPhase section */

/* Begin PBXGroup section */
		86514A9319823ADA00211EE9 = {
			isa = PBXGroup;
			children = (
				86514A9E19823ADA00211EE9 /* Example */,
				86514AB119823ADA00211EE9 /* ExampleTests */,
				86514A9D19823ADA00211EE9 /* Products */,
			);
			sourceTree = "<group>";
		};
		86514A9D19823ADA00211EE9 /* Products */ = {
			isa = PBXGroup;
			children = (
				86514A9C19823ADA00211EE9 /* Example.app */,
				86514AAE19823ADA00211EE9 /* ExampleTests.xctest */,
			);
			name = Products;
			sourceTree = "<group>";
		};
		86514A9E19823ADA00211EE9 /* Example */ = {
			isa = PBXGroup;
			children = (
				86A7FDBE19823B7700BE2FF3 /* GCD.swift */,
				86514AA119823ADA00211EE9 /* AppDelegate.swift */,
				86514AA319823ADA00211EE9 /* ViewController.swift */,
				86514AA519823ADA00211EE9 /* Main.storyboard */,
				86514AA819823ADA00211EE9 /* Images.xcassets */,
				86514A9F19823ADA00211EE9 /* Supporting Files */,
			);
			path = Example;
			sourceTree = "<group>";
		};
		86514A9F19823ADA00211EE9 /* Supporting Files */ = {
			isa = PBXGroup;
			children = (
				86514AA019823ADA00211EE9 /* Info.plist */,
			);
			name = "Supporting Files";
			sourceTree = "<group>";
		};
		86514AB119823ADA00211EE9 /* ExampleTests */ = {
			isa = PBXGroup;
			children = (
				86514AB419823ADB00211EE9 /* ExampleTests.swift */,
				86514AB219823ADA00211EE9 /* Supporting Files */,
			);
			path = ExampleTests;
			sourceTree = "<group>";
		};
		86514AB219823ADA00211EE9 /* Supporting Files */ = {
			isa = PBXGroup;
			children = (
				86514AB319823ADA00211EE9 /* Info.plist */,
			);
			name = "Supporting Files";
			sourceTree = "<group>";
		};
/* End PBXGroup section */

/* Begin PBXNativeTarget section */
		86514A9B19823ADA00211EE9 /* Example */ = {
			isa = PBXNativeTarget;
			buildConfigurationList = 86514AB819823ADB00211EE9 /* Build configuration list for PBXNativeTarget "Example" */;
			buildPhases = (
				86514A9819823ADA00211EE9 /* Sources */,
				86514A9919823ADA00211EE9 /* Frameworks */,
				86514A9A19823ADA00211EE9 /* Resources */,
			);
			buildRules = (
			);
			dependencies = (
			);
			name = Example;
			productName = Example;
			productReference = 86514A9C19823ADA00211EE9 /* Example.app */;
			productType = "com.apple.product-type.application";
		};
		86514AAD19823ADA00211EE9 /* ExampleTests */ = {
			isa = PBXNativeTarget;
			buildConfigurationList = 86514ABB19823ADB00211EE9 /* Build configuration list for PBXNativeTarget "ExampleTests" */;
			buildPhases = (
				86514AAA19823ADA00211EE9 /* Sources */,
				86514AAB19823ADA00211EE9 /* Frameworks */,
				86514AAC19823ADA00211EE9 /* Resources */,
			);
			buildRules = (
			);
			dependencies = (
				86514AB019823ADA00211EE9 /* PBXTargetDependency */,
			);
			name = ExampleTests;
			productName = ExampleTests;
			productReference = 86514AAE19823ADA00211EE9 /* ExampleTests.xctest */;
			productType = "com.apple.product-type.bundle.unit-test";
		};
/* End PBXNativeTarget section */

/* Begin PBXProject section */
		86514A9419823ADA00211EE9 /* Project object */ = {
			isa = PBXProject;
			attributes = {
				LastUpgradeCheck = 0600;
				ORGANIZATIONNAME = "Le Van Nghia";
				TargetAttributes = {
					86514A9B19823ADA00211EE9 = {
						CreatedOnToolsVersion = 6.0;
					};
					86514AAD19823ADA00211EE9 = {
						CreatedOnToolsVersion = 6.0;
						TestTargetID = 86514A9B19823ADA00211EE9;
					};
				};
			};
			buildConfigurationList = 86514A9719823ADA00211EE9 /* Build configuration list for PBXProject "Example" */;
			compatibilityVersion = "Xcode 3.2";
			developmentRegion = English;
			hasScannedForEncodings = 0;
			knownRegions = (
				en,
				Base,
			);
			mainGroup = 86514A9319823ADA00211EE9;
			productRefGroup = 86514A9D19823ADA00211EE9 /* Products */;
			projectDirPath = "";
			projectRoot = "";
			targets = (
				86514A9B19823ADA00211EE9 /* Example */,
				86514AAD19823ADA00211EE9 /* ExampleTests */,
			);
		};
/* End PBXProject section */

/* Begin PBXResourcesBuildPhase section */
		86514A9A19823ADA00211EE9 /* Resources */ = {
			isa = PBXResourcesBuildPhase;
			buildActionMask = 2147483647;
			files = (
				86514AA719823ADA00211EE9 /* Main.storyboard in Resources */,
				86514AA919823ADA00211EE9 /* Images.xcassets in Resources */,
			);
			runOnlyForDeploymentPostprocessing = 0;
		};
		86514AAC19823ADA00211EE9 /* Resources */ = {
			isa = PBXResourcesBuildPhase;
			buildActionMask = 2147483647;
			files = (
			);
			runOnlyForDeploymentPostprocessing = 0;
		};
/* End PBXResourcesBuildPhase section */

/* Begin PBXSourcesBuildPhase section */
		86514A9819823ADA00211EE9 /* Sources */ = {
			isa = PBXSourcesBuildPhase;
			buildActionMask = 2147483647;
			files = (
				86A7FDBF19823B7700BE2FF3 /* GCD.swift in Sources */,
				86514AA419823ADA00211EE9 /* ViewController.swift in Sources */,
				86514AA219823ADA00211EE9 /* AppDelegate.swift in Sources */,
			);
			runOnlyForDeploymentPostprocessing = 0;
		};
		86514AAA19823ADA00211EE9 /* Sources */ = {
			isa = PBXSourcesBuildPhase;
			buildActionMask = 2147483647;
			files = (
				86514AB519823ADB00211EE9 /* ExampleTests.swift in Sources */,
			);
			runOnlyForDeploymentPostprocessing = 0;
		};
/* End PBXSourcesBuildPhase section */

/* Begin PBXTargetDependency section */
		86514AB019823ADA00211EE9 /* PBXTargetDependency */ = {
			isa = PBXTargetDependency;
			target = 86514A9B19823ADA00211EE9 /* Example */;
			targetProxy = 86514AAF19823ADA00211EE9 /* PBXContainerItemProxy */;
		};
/* End PBXTargetDependency section */

/* Begin PBXVariantGroup section */
		86514AA519823ADA00211EE9 /* Main.storyboard */ = {
			isa = PBXVariantGroup;
			children = (
				86514AA619823ADA00211EE9 /* Base */,
			);
			name = Main.storyboard;
			sourceTree = "<group>";
		};
/* End PBXVariantGroup section */

/* Begin XCBuildConfiguration section */
		86514AB619823ADB00211EE9 /* Debug */ = {
			isa = XCBuildConfiguration;
			buildSettings = {
				ALWAYS_SEARCH_USER_PATHS = NO;
				CLANG_CXX_LANGUAGE_STANDARD = "gnu++0x";
				CLANG_CXX_LIBRARY = "libc++";
				CLANG_ENABLE_MODULES = YES;
				CLANG_ENABLE_OBJC_ARC = YES;
				CLANG_WARN_BOOL_CONVERSION = YES;
				CLANG_WARN_CONSTANT_CONVERSION = YES;
				CLANG_WARN_DIRECT_OBJC_ISA_USAGE = YES_ERROR;
				CLANG_WARN_EMPTY_BODY = YES;
				CLANG_WARN_ENUM_CONVERSION = YES;
				CLANG_WARN_INT_CONVERSION = YES;
				CLANG_WARN_OBJC_ROOT_CLASS = YES_ERROR;
				CLANG_WARN_UNREACHABLE_CODE = YES;
				CLANG_WARN__DUPLICATE_METHOD_MATCH = YES;
				"CODE_SIGN_IDENTITY[sdk=iphoneos*]" = "iPhone Developer";
				COPY_PHASE_STRIP = NO;
				ENABLE_STRICT_OBJC_MSGSEND = YES;
				GCC_C_LANGUAGE_STANDARD = gnu99;
				GCC_DYNAMIC_NO_PIC = NO;
				GCC_OPTIMIZATION_LEVEL = 0;
				GCC_PREPROCESSOR_DEFINITIONS = (
					"DEBUG=1",
					"$(inherited)",
				);
				GCC_SYMBOLS_PRIVATE_EXTERN = NO;
				GCC_WARN_64_TO_32_BIT_CONVERSION = YES;
				GCC_WARN_ABOUT_RETURN_TYPE = YES_ERROR;
				GCC_WARN_UNDECLARED_SELECTOR = YES;
				GCC_WARN_UNINITIALIZED_AUTOS = YES_AGGRESSIVE;
				GCC_WARN_UNUSED_FUNCTION = YES;
				GCC_WARN_UNUSED_VARIABLE = YES;
				IPHONEOS_DEPLOYMENT_TARGET = 7.0;
				MTL_ENABLE_DEBUG_INFO = YES;
				ONLY_ACTIVE_ARCH = YES;
				SDKROOT = iphoneos;
				SWIFT_OPTIMIZATION_LEVEL = "-Onone";
			};
			name = Debug;
		};
		86514AB719823ADB00211EE9 /* Release */ = {
			isa = XCBuildConfiguration;
			buildSettings = {
				ALWAYS_SEARCH_USER_PATHS = NO;
				CLANG_CXX_LANGUAGE_STANDARD = "gnu++0x";
				CLANG_CXX_LIBRARY = "libc++";
				CLANG_ENABLE_MODULES = YES;
				CLANG_ENABLE_OBJC_ARC = YES;
				CLANG_WARN_BOOL_CONVERSION = YES;
				CLANG_WARN_CONSTANT_CONVERSION = YES;
				CLANG_WARN_DIRECT_OBJC_ISA_USAGE = YES_ERROR;
				CLANG_WARN_EMPTY_BODY = YES;
				CLANG_WARN_ENUM_CONVERSION = YES;
				CLANG_WARN_INT_CONVERSION = YES;
				CLANG_WARN_OBJC_ROOT_CLASS = YES_ERROR;
				CLANG_WARN_UNREACHABLE_CODE = YES;
				CLANG_WARN__DUPLICATE_METHOD_MATCH = YES;
				"CODE_SIGN_IDENTITY[sdk=iphoneos*]" = "iPhone Developer";
				COPY_PHASE_STRIP = YES;
				ENABLE_NS_ASSERTIONS = NO;
				ENABLE_STRICT_OBJC_MSGSEND = YES;
				GCC_C_LANGUAGE_STANDARD = gnu99;
				GCC_WARN_64_TO_32_BIT_CONVERSION = YES;
				GCC_WARN_ABOUT_RETURN_TYPE = YES_ERROR;
				GCC_WARN_UNDECLARED_SELECTOR = YES;
				GCC_WARN_UNINITIALIZED_AUTOS = YES_AGGRESSIVE;
				GCC_WARN_UNUSED_FUNCTION = YES;
				GCC_WARN_UNUSED_VARIABLE = YES;
				IPHONEOS_DEPLOYMENT_TARGET = 7.0;
				MTL_ENABLE_DEBUG_INFO = NO;
				SDKROOT = iphoneos;
				VALIDATE_PRODUCT = YES;
			};
			name = Release;
		};
		86514AB919823ADB00211EE9 /* Debug */ = {
			isa = XCBuildConfiguration;
			buildSettings = {
				ASSETCATALOG_COMPILER_APPICON_NAME = AppIcon;
				ASSETCATALOG_COMPILER_LAUNCHIMAGE_NAME = LaunchImage;
				INFOPLIST_FILE = Example/Info.plist;
				IPHONEOS_DEPLOYMENT_TARGET = 7.0;
				LD_RUNPATH_SEARCH_PATHS = "$(inherited) @executable_path/Frameworks";
				PRODUCT_NAME = "$(TARGET_NAME)";
			};
			name = Debug;
		};
		86514ABA19823ADB00211EE9 /* Release */ = {
			isa = XCBuildConfiguration;
			buildSettings = {
				ASSETCATALOG_COMPILER_APPICON_NAME = AppIcon;
				ASSETCATALOG_COMPILER_LAUNCHIMAGE_NAME = LaunchImage;
				INFOPLIST_FILE = Example/Info.plist;
				IPHONEOS_DEPLOYMENT_TARGET = 7.0;
				LD_RUNPATH_SEARCH_PATHS = "$(inherited) @executable_path/Frameworks";
				PRODUCT_NAME = "$(TARGET_NAME)";
			};
			name = Release;
		};
		86514ABC19823ADB00211EE9 /* Debug */ = {
			isa = XCBuildConfiguration;
			buildSettings = {
				BUNDLE_LOADER = "$(BUILT_PRODUCTS_DIR)/Example.app/Example";
				FRAMEWORK_SEARCH_PATHS = (
					"$(SDKROOT)/Developer/Library/Frameworks",
					"$(inherited)",
				);
				GCC_PREPROCESSOR_DEFINITIONS = (
					"DEBUG=1",
					"$(inherited)",
				);
				INFOPLIST_FILE = ExampleTests/Info.plist;
				LD_RUNPATH_SEARCH_PATHS = "$(inherited) @executable_path/Frameworks @loader_path/Frameworks";
				PRODUCT_NAME = "$(TARGET_NAME)";
				TEST_HOST = "$(BUNDLE_LOADER)";
			};
			name = Debug;
		};
		86514ABD19823ADB00211EE9 /* Release */ = {
			isa = XCBuildConfiguration;
			buildSettings = {
				BUNDLE_LOADER = "$(BUILT_PRODUCTS_DIR)/Example.app/Example";
				FRAMEWORK_SEARCH_PATHS = (
					"$(SDKROOT)/Developer/Library/Frameworks",
					"$(inherited)",
				);
				INFOPLIST_FILE = ExampleTests/Info.plist;
				LD_RUNPATH_SEARCH_PATHS = "$(inherited) @executable_path/Frameworks @loader_path/Frameworks";
				PRODUCT_NAME = "$(TARGET_NAME)";
				TEST_HOST = "$(BUNDLE_LOADER)";
			};
			name = Release;
		};
/* End XCBuildConfiguration section */

/* Begin XCConfigurationList section */
		86514A9719823ADA00211EE9 /* Build configuration list for PBXProject "Example" */ = {
			isa = XCConfigurationList;
			buildConfigurations = (
				86514AB619823ADB00211EE9 /* Debug */,
				86514AB719823ADB00211EE9 /* Release */,
			);
			defaultConfigurationIsVisible = 0;
			defaultConfigurationName = Release;
		};
		86514AB819823ADB00211EE9 /* Build configuration list for PBXNativeTarget "Example" */ = {
			isa = XCConfigurationList;
			buildConfigurations = (
				86514AB919823ADB00211EE9 /* Debug */,
				86514ABA19823ADB00211EE9 /* Release */,
			);
			defaultConfigurationIsVisible = 0;
			defaultConfigurationName = Release;
		};
		86514ABB19823ADB00211EE9 /* Build configuration list for PBXNativeTarget "ExampleTests" */ = {
			isa = XCConfigurationList;
			buildConfigurations = (
				86514ABC19823ADB00211EE9 /* Debug */,
				86514ABD19823ADB00211EE9 /* Release */,
			);
			defaultConfigurationIsVisible = 0;
			defaultConfigurationName = Release;
		};
/* End XCConfigurationList section */
	};
	rootObject = 86514A9419823ADA00211EE9 /* Project object */;
}
